# DE10-Nano pin assignments for HDMI (ADV7513), clock, pushbuttons, and LEDs.
# Transcribed from Terasic DE10-Nano User Manual (Table 3-3, 3-4, 3-13).

# Clock (50 MHz oscillator, Table 3-1)
set_location_assignment PIN_V11 -to clk_50m_i
set_instance_assignment -name IO_STANDARD "3.3-V LVTTL" -to clk_50m_i

# Pushbuttons (KEY0/KEY1, Table 3-3: active-low)
set_location_assignment PIN_AH17 -to btn_n_i[0]
set_location_assignment PIN_AH16 -to btn_n_i[1]
set_instance_assignment -name IO_STANDARD "3.3-V LVTTL" -to btn_n_i[0]
set_instance_assignment -name IO_STANDARD "3.3-V LVTTL" -to btn_n_i[1]

# Diagnostic LEDs (LED0-7, Table 3-4: active-high)
set_location_assignment PIN_W15  -to led_o[0]
set_location_assignment PIN_AA24 -to led_o[1]
set_location_assignment PIN_V16  -to led_o[2]
set_location_assignment PIN_V15  -to led_o[3]
set_location_assignment PIN_AF26 -to led_o[4]
set_location_assignment PIN_AE26 -to led_o[5]
set_location_assignment PIN_Y16  -to led_o[6]
set_location_assignment PIN_AA23 -to led_o[7]
set_instance_assignment -name IO_STANDARD "3.3-V LVTTL" -to led_o*

# HDMI video data, 24-bit bus (Table 3-13)
set_location_assignment PIN_AD12 -to hdmi_tx_d[0]
set_location_assignment PIN_AE12 -to hdmi_tx_d[1]
set_location_assignment PIN_W8   -to hdmi_tx_d[2]
set_location_assignment PIN_Y8   -to hdmi_tx_d[3]
set_location_assignment PIN_AD11 -to hdmi_tx_d[4]
set_location_assignment PIN_AD10 -to hdmi_tx_d[5]
set_location_assignment PIN_AE11 -to hdmi_tx_d[6]
set_location_assignment PIN_Y5   -to hdmi_tx_d[7]
set_location_assignment PIN_AF10 -to hdmi_tx_d[8]
set_location_assignment PIN_Y4   -to hdmi_tx_d[9]
set_location_assignment PIN_AE9  -to hdmi_tx_d[10]
set_location_assignment PIN_AB4  -to hdmi_tx_d[11]
set_location_assignment PIN_AE7  -to hdmi_tx_d[12]
set_location_assignment PIN_AF6  -to hdmi_tx_d[13]
set_location_assignment PIN_AF8  -to hdmi_tx_d[14]
set_location_assignment PIN_AF5  -to hdmi_tx_d[15]
set_location_assignment PIN_AE4  -to hdmi_tx_d[16]
set_location_assignment PIN_AH2  -to hdmi_tx_d[17]
set_location_assignment PIN_AH4  -to hdmi_tx_d[18]
set_location_assignment PIN_AH5  -to hdmi_tx_d[19]
set_location_assignment PIN_AH6  -to hdmi_tx_d[20]
set_location_assignment PIN_AG6  -to hdmi_tx_d[21]
set_location_assignment PIN_AF9  -to hdmi_tx_d[22]
set_location_assignment PIN_AE8  -to hdmi_tx_d[23]
set_instance_assignment -name IO_STANDARD "3.3-V LVTTL" -to hdmi_tx_d*

# HDMI control
set_location_assignment PIN_AG5  -to hdmi_tx_clk
set_location_assignment PIN_AD19 -to hdmi_tx_de
set_location_assignment PIN_T8   -to hdmi_tx_hs
set_location_assignment PIN_V13  -to hdmi_tx_vs
set_location_assignment PIN_AF11 -to hdmi_tx_int
set_instance_assignment -name IO_STANDARD "3.3-V LVTTL" -to hdmi_tx_clk
set_instance_assignment -name IO_STANDARD "3.3-V LVTTL" -to hdmi_tx_de
set_instance_assignment -name IO_STANDARD "3.3-V LVTTL" -to hdmi_tx_hs
set_instance_assignment -name IO_STANDARD "3.3-V LVTTL" -to hdmi_tx_vs
set_instance_assignment -name IO_STANDARD "3.3-V LVTTL" -to hdmi_tx_int

# I2C to ADV7513
set_location_assignment PIN_U10  -to hdmi_i2c_scl
set_location_assignment PIN_AA4  -to hdmi_i2c_sda
set_instance_assignment -name IO_STANDARD "3.3-V LVTTL" -to hdmi_i2c_scl
set_instance_assignment -name IO_STANDARD "3.3-V LVTTL" -to hdmi_i2c_sda
